
Microsoft Visual Studio Solution File, Format Version 12.00
# Visual Studio Version 17
VisualStudioVersion = 17.6.33815.320
MinimumVisualStudioVersion = 10.0.40219.1
Project("{9A19103F-16F7-4668-BE54-9A1E7A4F7556}") = "Api", "Api\Api.csproj", "{6FE7DC21-3438-4EE0-BD7E-A5489D6817D3}"
EndProject
Project("{9A19103F-16F7-4668-BE54-9A1E7A4F7556}") = "DotNetStarter", "DotNetStarter\DotNetStarter.csproj", "{3E98008E-EA9A-410D-9E80-A284D80DCC8A}"
EndProject
Global
	GlobalSection(SolutionConfigurationPlatforms) = preSolution
		Debug|Any CPU = Debug|Any CPU
		Release|Any CPU = Release|Any CPU
	EndGlobalSection
	GlobalSection(ProjectConfigurationPlatforms) = postSolution
		{6FE7DC21-3438-4EE0-BD7E-A5489D6817D3}.Debug|Any CPU.ActiveCfg = Debug|Any CPU
		{6FE7DC21-3438-4EE0-BD7E-A5489D6817D3}.Debug|Any CPU.Build.0 = Debug|Any CPU
		{6FE7DC21-3438-4EE0-BD7E-A5489D6817D3}.Release|Any CPU.ActiveCfg = Release|Any CPU
		{6FE7DC21-3438-4EE0-BD7E-A5489D6817D3}.Release|Any CPU.Build.0 = Release|Any CPU
		{3E98008E-EA9A-410D-9E80-A284D80DCC8A}.Debug|Any CPU.ActiveCfg = Debug|Any CPU
		{3E98008E-EA9A-410D-9E80-A284D80DCC8A}.Debug|Any CPU.Build.0 = Debug|Any CPU
		{3E98008E-EA9A-410D-9E80-A284D80DCC8A}.Release|Any CPU.ActiveCfg = Release|Any CPU
		{3E98008E-EA9A-410D-9E80-A284D80DCC8A}.Release|Any CPU.Build.0 = Release|Any CPU
	EndGlobalSection
	GlobalSection(SolutionProperties) = preSolution
		HideSolutionNode = FALSE
	EndGlobalSection
	GlobalSection(ExtensibilityGlobals) = postSolution
		SolutionGuid = {03828CF6-F901-4D24-810D-9C2A9277A21C}
	EndGlobalSection
EndGlobal
